
Microsoft Visual Studio Solution File, Format Version 12.00
# Visual Studio Version 17
VisualStudioVersion = 17.7.34031.279
MinimumVisualStudioVersion = 10.0.40219.1
Project("{FAE04EC0-301F-11D3-BF4B-00C04F79EFBC}") = "LabRab_1", "LabRab_1\LabRab_1.csproj", "{D054DAFB-C4E8-4B13-8BD9-6F3F2D7B341E}"
EndProject
Global
	GlobalSection(SolutionConfigurationPlatforms) = preSolution
		Debug|Any CPU = Debug|Any CPU
		Release|Any CPU = Release|Any CPU
	EndGlobalSection
	GlobalSection(ProjectConfigurationPlatforms) = postSolution
		{D054DAFB-C4E8-4B13-8BD9-6F3F2D7B341E}.Debug|Any CPU.ActiveCfg = Debug|Any CPU
		{D054DAFB-C4E8-4B13-8BD9-6F3F2D7B341E}.Debug|Any CPU.Build.0 = Debug|Any CPU
		{D054DAFB-C4E8-4B13-8BD9-6F3F2D7B341E}.Release|Any CPU.ActiveCfg = Release|Any CPU
		{D054DAFB-C4E8-4B13-8BD9-6F3F2D7B341E}.Release|Any CPU.Build.0 = Release|Any CPU
	EndGlobalSection
	GlobalSection(SolutionProperties) = preSolution
		HideSolutionNode = FALSE
	EndGlobalSection
	GlobalSection(ExtensibilityGlobals) = postSolution
		SolutionGuid = {47FDD68F-F8F0-4481-A2A1-3076CC530C31}
	EndGlobalSection
EndGlobal
